// !$*UTF8*$!
{
	archiveVersion = 1;
	classes = {
	};
	objectVersion = 48;
	objects = {

/* Begin PBXBuildFile section */
		BBFB3252216A56CA00640F26 /* AppDelegate.swift in Sources */ = {isa = PBXBuildFile; fileRef = BBFB3251216A56CA00640F26 /* AppDelegate.swift */; };
		BBFB3254216A56CA00640F26 /* ViewController.swift in Sources */ = {isa = PBXBuildFile; fileRef = BBFB3253216A56CA00640F26 /* ViewController.swift */; };
		BBFB3257216A56CA00640F26 /* Main.storyboard in Resources */ = {isa = PBXBuildFile; fileRef = BBFB3255216A56CA00640F26 /* Main.storyboard */; };
		BBFB325A216A56CA00640F26 /* HitungBangun.xcdatamodeld in Sources */ = {isa = PBXBuildFile; fileRef = BBFB3258216A56CA00640F26 /* HitungBangun.xcdatamodeld */; };
		BBFB325C216A56CA00640F26 /* Assets.xcassets in Resources */ = {isa = PBXBuildFile; fileRef = BBFB325B216A56CA00640F26 /* Assets.xcassets */; };
		BBFB325F216A56CA00640F26 /* LaunchScreen.storyboard in Resources */ = {isa = PBXBuildFile; fileRef = BBFB325D216A56CA00640F26 /* LaunchScreen.storyboard */; };
/* End PBXBuildFile section */

/* Begin PBXFileReference section */
		BBFB324E216A56CA00640F26 /* HitungBangun.app */ = {isa = PBXFileReference; explicitFileType = wrapper.application; includeInIndex = 0; path = HitungBangun.app; sourceTree = BUILT_PRODUCTS_DIR; };
		BBFB3251216A56CA00640F26 /* AppDelegate.swift */ = {isa = PBXFileReference; lastKnownFileType = sourcecode.swift; path = AppDelegate.swift; sourceTree = "<group>"; };
		BBFB3253216A56CA00640F26 /* ViewController.swift */ = {isa = PBXFileReference; lastKnownFileType = sourcecode.swift; path = ViewController.swift; sourceTree = "<group>"; };
		BBFB3256216A56CA00640F26 /* Base */ = {isa = PBXFileReference; lastKnownFileType = file.storyboard; name = Base; path = Base.lproj/Main.storyboard; sourceTree = "<group>"; };
		BBFB3259216A56CA00640F26 /* HitungBangun.xcdatamodel */ = {isa = PBXFileReference; lastKnownFileType = wrapper.xcdatamodel; path = HitungBangun.xcdatamodel; sourceTree = "<group>"; };
		BBFB325B216A56CA00640F26 /* Assets.xcassets */ = {isa = PBXFileReference; lastKnownFileType = folder.assetcatalog; path = Assets.xcassets; sourceTree = "<group>"; };
		BBFB325E216A56CA00640F26 /* Base */ = {isa = PBXFileReference; lastKnownFileType = file.storyboard; name = Base; path = Base.lproj/LaunchScreen.storyboard; sourceTree = "<group>"; };
		BBFB3260216A56CA00640F26 /* Info.plist */ = {isa = PBXFileReference; lastKnownFileType = text.plist.xml; path = Info.plist; sourceTree = "<group>"; };
/* End PBXFileReference section */

/* Begin PBXFrameworksBuildPhase section */
		BBFB324B216A56CA00640F26 /* Frameworks */ = {
			isa = PBXFrameworksBuildPhase;
			buildActionMask = 2147483647;
			files = (
			);
			runOnlyForDeploymentPostprocessing = 0;
		};
/* End PBXFrameworksBuildPhase section */

/* Begin PBXGroup section */
		BBFB3245216A56CA00640F26 = {
			isa = PBXGroup;
			children = (
				BBFB3250216A56CA00640F26 /* HitungBangun */,
				BBFB324F216A56CA00640F26 /* Products */,
			);
			sourceTree = "<group>";
		};
		BBFB324F216A56CA00640F26 /* Products */ = {
			isa = PBXGroup;
			children = (
				BBFB324E216A56CA00640F26 /* HitungBangun.app */,
			);
			name = Products;
			sourceTree = "<group>";
		};
		BBFB3250216A56CA00640F26 /* HitungBangun */ = {
			isa = PBXGroup;
			children = (
				BBFB3251216A56CA00640F26 /* AppDelegate.swift */,
				BBFB3253216A56CA00640F26 /* ViewController.swift */,
				BBFB3255216A56CA00640F26 /* Main.storyboard */,
				BBFB325B216A56CA00640F26 /* Assets.xcassets */,
				BBFB325D216A56CA00640F26 /* LaunchScreen.storyboard */,
				BBFB3260216A56CA00640F26 /* Info.plist */,
				BBFB3258216A56CA00640F26 /* HitungBangun.xcdatamodeld */,
			);
			path = HitungBangun;
			sourceTree = "<group>";
		};
/* End PBXGroup section */

/* Begin PBXNativeTarget section */
		BBFB324D216A56CA00640F26 /* HitungBangun */ = {
			isa = PBXNativeTarget;
			buildConfigurationList = BBFB3263216A56CA00640F26 /* Build configuration list for PBXNativeTarget "HitungBangun" */;
			buildPhases = (
				BBFB324A216A56CA00640F26 /* Sources */,
				BBFB324B216A56CA00640F26 /* Frameworks */,
				BBFB324C216A56CA00640F26 /* Resources */,
			);
			buildRules = (
			);
			dependencies = (
			);
			name = HitungBangun;
			productName = HitungBangun;
			productReference = BBFB324E216A56CA00640F26 /* HitungBangun.app */;
			productType = "com.apple.product-type.application";
		};
/* End PBXNativeTarget section */

/* Begin PBXProject section */
		BBFB3246216A56CA00640F26 /* Project object */ = {
			isa = PBXProject;
			attributes = {
				LastSwiftUpdateCheck = 0920;
				LastUpgradeCheck = 0920;
				ORGANIZATIONNAME = ZidniRyi;
				TargetAttributes = {
					BBFB324D216A56CA00640F26 = {
						CreatedOnToolsVersion = 9.2;
						ProvisioningStyle = Automatic;
					};
				};
			};
			buildConfigurationList = BBFB3249216A56CA00640F26 /* Build configuration list for PBXProject "HitungBangun" */;
			compatibilityVersion = "Xcode 8.0";
			developmentRegion = en;
			hasScannedForEncodings = 0;
			knownRegions = (
				en,
				Base,
			);
			mainGroup = BBFB3245216A56CA00640F26;
			productRefGroup = BBFB324F216A56CA00640F26 /* Products */;
			projectDirPath = "";
			projectRoot = "";
			targets = (
				BBFB324D216A56CA00640F26 /* HitungBangun */,
			);
		};
/* End PBXProject section */

/* Begin PBXResourcesBuildPhase section */
		BBFB324C216A56CA00640F26 /* Resources */ = {
			isa = PBXResourcesBuildPhase;
			buildActionMask = 2147483647;
			files = (
				BBFB325F216A56CA00640F26 /* LaunchScreen.storyboard in Resources */,
				BBFB325C216A56CA00640F26 /* Assets.xcassets in Resources */,
				BBFB3257216A56CA00640F26 /* Main.storyboard in Resources */,
			);
			runOnlyForDeploymentPostprocessing = 0;
		};
/* End PBXResourcesBuildPhase section */

/* Begin PBXSourcesBuildPhase section */
		BBFB324A216A56CA00640F26 /* Sources */ = {
			isa = PBXSourcesBuildPhase;
			buildActionMask = 2147483647;
			files = (
				BBFB325A216A56CA00640F26 /* HitungBangun.xcdatamodeld in Sources */,
				BBFB3254216A56CA00640F26 /* ViewController.swift in Sources */,
				BBFB3252216A56CA00640F26 /* AppDelegate.swift in Sources */,
			);
			runOnlyForDeploymentPostprocessing = 0;
		};
/* End PBXSourcesBuildPhase section */

/* Begin PBXVariantGroup section */
		BBFB3255216A56CA00640F26 /* Main.storyboard */ = {
			isa = PBXVariantGroup;
			children = (
				BBFB3256216A56CA00640F26 /* Base */,
			);
			name = Main.storyboard;
			sourceTree = "<group>";
		};
		BBFB325D216A56CA00640F26 /* LaunchScreen.storyboard */ = {
			isa = PBXVariantGroup;
			children = (
				BBFB325E216A56CA00640F26 /* Base */,
			);
			name = LaunchScreen.storyboard;
			sourceTree = "<group>";
		};
/* End PBXVariantGroup section */

/* Begin XCBuildConfiguration section */
		BBFB3261216A56CA00640F26 /* Debug */ = {
			isa = XCBuildConfiguration;
			buildSettings = {
				ALWAYS_SEARCH_USER_PATHS = NO;
				CLANG_ANALYZER_NONNULL = YES;
				CLANG_ANALYZER_NUMBER_OBJECT_CONVERSION = YES_AGGRESSIVE;
				CLANG_CXX_LANGUAGE_STANDARD = "gnu++14";
				CLANG_CXX_LIBRARY = "libc++";
				CLANG_ENABLE_MODULES = YES;
				CLANG_ENABLE_OBJC_ARC = YES;
				CLANG_WARN_BLOCK_CAPTURE_AUTORELEASING = YES;
				CLANG_WARN_BOOL_CONVERSION = YES;
				CLANG_WARN_COMMA = YES;
				CLANG_WARN_CONSTANT_CONVERSION = YES;
				CLANG_WARN_DIRECT_OBJC_ISA_USAGE = YES_ERROR;
				CLANG_WARN_DOCUMENTATION_COMMENTS = YES;
				CLANG_WARN_EMPTY_BODY = YES;
				CLANG_WARN_ENUM_CONVERSION = YES;
				CLANG_WARN_INFINITE_RECURSION = YES;
				CLANG_WARN_INT_CONVERSION = YES;
				CLANG_WARN_NON_LITERAL_NULL_CONVERSION = YES;
				CLANG_WARN_OBJC_LITERAL_CONVERSION = YES;
				CLANG_WARN_OBJC_ROOT_CLASS = YES_ERROR;
				CLANG_WARN_RANGE_LOOP_ANALYSIS = YES;
				CLANG_WARN_STRICT_PROTOTYPES = YES;
				CLANG_WARN_SUSPICIOUS_MOVE = YES;
				CLANG_WARN_UNGUARDED_AVAILABILITY = YES_AGGRESSIVE;
				CLANG_WARN_UNREACHABLE_CODE = YES;
				CLANG_WARN__DUPLICATE_METHOD_MATCH = YES;
				CODE_SIGN_IDENTITY = "iPhone Developer";
				COPY_PHASE_STRIP = NO;
				DEBUG_INFORMATION_FORMAT = dwarf;
				ENABLE_STRICT_OBJC_MSGSEND = YES;
				ENABLE_TESTABILITY = YES;
				GCC_C_LANGUAGE_STANDARD = gnu11;
				GCC_DYNAMIC_NO_PIC = NO;
				GCC_NO_COMMON_BLOCKS = YES;
				GCC_OPTIMIZATION_LEVEL = 0;
				GCC_PREPROCESSOR_DEFINITIONS = (
					"DEBUG=1",
					"$(inherited)",
				);
				GCC_WARN_64_TO_32_BIT_CONVERSION = YES;
				GCC_WARN_ABOUT_RETURN_TYPE = YES_ERROR;
				GCC_WARN_UNDECLARED_SELECTOR = YES;
				GCC_WARN_UNINITIALIZED_AUTOS = YES_AGGRESSIVE;
				GCC_WARN_UNUSED_FUNCTION = YES;
				GCC_WARN_UNUSED_VARIABLE = YES;
				IPHONEOS_DEPLOYMENT_TARGET = 11.2;
				MTL_ENABLE_DEBUG_INFO = YES;
				ONLY_ACTIVE_ARCH = YES;
				SDKROOT = iphoneos;
				SWIFT_ACTIVE_COMPILATION_CONDITIONS = DEBUG;
				SWIFT_OPTIMIZATION_LEVEL = "-Onone";
			};
			name = Debug;
		};
		BBFB3262216A56CA00640F26 /* Release */ = {
			isa = XCBuildConfiguration;
			buildSettings = {
				ALWAYS_SEARCH_USER_PATHS = NO;
				CLANG_ANALYZER_NONNULL = YES;
				CLANG_ANALYZER_NUMBER_OBJECT_CONVERSION = YES_AGGRESSIVE;
				CLANG_CXX_LANGUAGE_STANDARD = "gnu++14";
				CLANG_CXX_LIBRARY = "libc++";
				CLANG_ENABLE_MODULES = YES;
				CLANG_ENABLE_OBJC_ARC = YES;
				CLANG_WARN_BLOCK_CAPTURE_AUTORELEASING = YES;
				CLANG_WARN_BOOL_CONVERSION = YES;
				CLANG_WARN_COMMA = YES;
				CLANG_WARN_CONSTANT_CONVERSION = YES;
				CLANG_WARN_DIRECT_OBJC_ISA_USAGE = YES_ERROR;
				CLANG_WARN_DOCUMENTATION_COMMENTS = YES;
				CLANG_WARN_EMPTY_BODY = YES;
				CLANG_WARN_ENUM_CONVERSION = YES;
				CLANG_WARN_INFINITE_RECURSION = YES;
				CLANG_WARN_INT_CONVERSION = YES;
				CLANG_WARN_NON_LITERAL_NULL_CONVERSION = YES;
				CLANG_WARN_OBJC_LITERAL_CONVERSION = YES;
				CLANG_WARN_OBJC_ROOT_CLASS = YES_ERROR;
				CLANG_WARN_RANGE_LOOP_ANALYSIS = YES;
				CLANG_WARN_STRICT_PROTOTYPES = YES;
				CLANG_WARN_SUSPICIOUS_MOVE = YES;
				CLANG_WARN_UNGUARDED_AVAILABILITY = YES_AGGRESSIVE;
				CLANG_WARN_UNREACHABLE_CODE = YES;
				CLANG_WARN__DUPLICATE_METHOD_MATCH = YES;
				CODE_SIGN_IDENTITY = "iPhone Developer";
				COPY_PHASE_STRIP = NO;
				DEBUG_INFORMATION_FORMAT = "dwarf-with-dsym";
				ENABLE_NS_ASSERTIONS = NO;
				ENABLE_STRICT_OBJC_MSGSEND = YES;
				GCC_C_LANGUAGE_STANDARD = gnu11;
				GCC_NO_COMMON_BLOCKS = YES;
				GCC_WARN_64_TO_32_BIT_CONVERSION = YES;
				GCC_WARN_ABOUT_RETURN_TYPE = YES_ERROR;
				GCC_WARN_UNDECLARED_SELECTOR = YES;
				GCC_WARN_UNINITIALIZED_AUTOS = YES_AGGRESSIVE;
				GCC_WARN_UNUSED_FUNCTION = YES;
				GCC_WARN_UNUSED_VARIABLE = YES;
				IPHONEOS_DEPLOYMENT_TARGET = 11.2;
				MTL_ENABLE_DEBUG_INFO = NO;
				SDKROOT = iphoneos;
				SWIFT_OPTIMIZATION_LEVEL = "-Owholemodule";
				VALIDATE_PRODUCT = YES;
			};
			name = Release;
		};
		BBFB3264216A56CA00640F26 /* Debug */ = {
			isa = XCBuildConfiguration;
			buildSettings = {
				ASSETCATALOG_COMPILER_APPICON_NAME = AppIcon;
				CODE_SIGN_STYLE = Automatic;
				DEVELOPMENT_TEAM = 879P4K449F;
				INFOPLIST_FILE = HitungBangun/Info.plist;
				LD_RUNPATH_SEARCH_PATHS = "$(inherited) @executable_path/Frameworks";
				PRODUCT_BUNDLE_IDENTIFIER = id.zidniryi.HitungBangun;
				PRODUCT_NAME = "$(TARGET_NAME)";
				SWIFT_VERSION = 4.0;
				TARGETED_DEVICE_FAMILY = "1,2";
			};
			name = Debug;
		};
		BBFB3265216A56CA00640F26 /* Release */ = {
			isa = XCBuildConfiguration;
			buildSettings = {
				ASSETCATALOG_COMPILER_APPICON_NAME = AppIcon;
				CODE_SIGN_STYLE = Automatic;
				DEVELOPMENT_TEAM = 879P4K449F;
				INFOPLIST_FILE = HitungBangun/Info.plist;
				LD_RUNPATH_SEARCH_PATHS = "$(inherited) @executable_path/Frameworks";
				PRODUCT_BUNDLE_IDENTIFIER = id.zidniryi.HitungBangun;
				PRODUCT_NAME = "$(TARGET_NAME)";
				SWIFT_VERSION = 4.0;
				TARGETED_DEVICE_FAMILY = "1,2";
			};
			name = Release;
		};
/* End XCBuildConfiguration section */

/* Begin XCConfigurationList section */
		BBFB3249216A56CA00640F26 /* Build configuration list for PBXProject "HitungBangun" */ = {
			isa = XCConfigurationList;
			buildConfigurations = (
				BBFB3261216A56CA00640F26 /* Debug */,
				BBFB3262216A56CA00640F26 /* Release */,
			);
			defaultConfigurationIsVisible = 0;
			defaultConfigurationName = Release;
		};
		BBFB3263216A56CA00640F26 /* Build configuration list for PBXNativeTarget "HitungBangun" */ = {
			isa = XCConfigurationList;
			buildConfigurations = (
				BBFB3264216A56CA00640F26 /* Debug */,
				BBFB3265216A56CA00640F26 /* Release */,
			);
			defaultConfigurationIsVisible = 0;
			defaultConfigurationName = Release;
		};
/* End XCConfigurationList section */

/* Begin XCVersionGroup section */
		BBFB3258216A56CA00640F26 /* HitungBangun.xcdatamodeld */ = {
			isa = XCVersionGroup;
			children = (
				BBFB3259216A56CA00640F26 /* HitungBangun.xcdatamodel */,
			);
			currentVersion = BBFB3259216A56CA00640F26 /* HitungBangun.xcdatamodel */;
			path = HitungBangun.xcdatamodeld;
			sourceTree = "<group>";
			versionGroupType = wrapper.xcdatamodel;
		};
/* End XCVersionGroup section */
	};
	rootObject = BBFB3246216A56CA00640F26 /* Project object */;
}
